
Microsoft Visual Studio Solution File, Format Version 12.00
# Visual Studio 2012
Project("{888888A0-9F3D-457C-B088-3A5042F75D52}") = "WebClient", "WebClient\WebClient.pyproj", "{3525395A-26ED-459F-A830-A7C88C41D669}"
EndProject
Project("{888888A0-9F3D-457C-B088-3A5042F75D52}") = "DataAccess", "DataAccess\DataAccess.pyproj", "{30455834-1E95-4ED2-B95D-974FFD71B5CB}"
EndProject
Project("{888888A0-9F3D-457C-B088-3A5042F75D52}") = "WebCrawler", "WebCrawler\WebCrawler.pyproj", "{ECA3B746-A860-4971-92E4-BA1346121BA7}"
EndProject
Project("{888888A0-9F3D-457C-B088-3A5042F75D52}") = "DataModel", "DataModel\DataModel.pyproj", "{F1B9C8FE-28A9-4535-ABCB-95E4C318BA16}"
EndProject
Project("{888888A0-9F3D-457C-B088-3A5042F75D52}") = "Test", "Test\Test.pyproj", "{09EC0EC0-C930-4FAD-B368-52C726F448E5}"
EndProject
Global
	GlobalSection(SolutionConfigurationPlatforms) = preSolution
		Debug|Any CPU = Debug|Any CPU
		Release|Any CPU = Release|Any CPU
	EndGlobalSection
	GlobalSection(ProjectConfigurationPlatforms) = postSolution
		{3525395A-26ED-459F-A830-A7C88C41D669}.Debug|Any CPU.ActiveCfg = Debug|Any CPU
		{3525395A-26ED-459F-A830-A7C88C41D669}.Debug|Any CPU.Build.0 = Debug|Any CPU
		{3525395A-26ED-459F-A830-A7C88C41D669}.Release|Any CPU.ActiveCfg = Release|Any CPU
		{3525395A-26ED-459F-A830-A7C88C41D669}.Release|Any CPU.Build.0 = Release|Any CPU
		{30455834-1E95-4ED2-B95D-974FFD71B5CB}.Debug|Any CPU.ActiveCfg = Debug|Any CPU
		{30455834-1E95-4ED2-B95D-974FFD71B5CB}.Debug|Any CPU.Build.0 = Debug|Any CPU
		{30455834-1E95-4ED2-B95D-974FFD71B5CB}.Release|Any CPU.ActiveCfg = Release|Any CPU
		{30455834-1E95-4ED2-B95D-974FFD71B5CB}.Release|Any CPU.Build.0 = Release|Any CPU
		{ECA3B746-A860-4971-92E4-BA1346121BA7}.Debug|Any CPU.ActiveCfg = Debug|Any CPU
		{ECA3B746-A860-4971-92E4-BA1346121BA7}.Debug|Any CPU.Build.0 = Debug|Any CPU
		{ECA3B746-A860-4971-92E4-BA1346121BA7}.Release|Any CPU.ActiveCfg = Release|Any CPU
		{ECA3B746-A860-4971-92E4-BA1346121BA7}.Release|Any CPU.Build.0 = Release|Any CPU
		{F1B9C8FE-28A9-4535-ABCB-95E4C318BA16}.Debug|Any CPU.ActiveCfg = Debug|Any CPU
		{F1B9C8FE-28A9-4535-ABCB-95E4C318BA16}.Debug|Any CPU.Build.0 = Debug|Any CPU
		{F1B9C8FE-28A9-4535-ABCB-95E4C318BA16}.Release|Any CPU.ActiveCfg = Release|Any CPU
		{F1B9C8FE-28A9-4535-ABCB-95E4C318BA16}.Release|Any CPU.Build.0 = Release|Any CPU
		{09EC0EC0-C930-4FAD-B368-52C726F448E5}.Debug|Any CPU.ActiveCfg = Debug|Any CPU
		{09EC0EC0-C930-4FAD-B368-52C726F448E5}.Debug|Any CPU.Build.0 = Debug|Any CPU
		{09EC0EC0-C930-4FAD-B368-52C726F448E5}.Release|Any CPU.ActiveCfg = Release|Any CPU
		{09EC0EC0-C930-4FAD-B368-52C726F448E5}.Release|Any CPU.Build.0 = Release|Any CPU
	EndGlobalSection
	GlobalSection(SolutionProperties) = preSolution
		HideSolutionNode = FALSE
	EndGlobalSection
EndGlobal
